Microsoft Visual Studio Solution File, Format Version 11.00
# Visual Studio 2008

Project("{8C1437BC-06F7-096C-1E70-C7AA8562B8F1}") = "Volcano_UnityProject", "Assembly-CSharp-firstpass.csproj", "{3DC6C29E-68C1-ACE4-4061-B54A5E135469}"
EndProject
Project("{8C1437BC-06F7-096C-1E70-C7AA8562B8F1}") = "Volcano_UnityProject", "Assembly-CSharp.csproj", "{72112922-C468-8AA3-129E-E5BBCBAA4A69}"
EndProject
Project("{8C1437BC-06F7-096C-1E70-C7AA8562B8F1}") = "Volcano_UnityProject", "Assembly-CSharp-Editor.csproj", "{CEFCB10F-158A-5275-71C5-30CF650D2BDF}"
EndProject
Project("{8C1437BC-06F7-096C-1E70-C7AA8562B8F1}") = "Volcano_UnityProject", "Assembly-UnityScript-firstpass.unityproj", "{7BD9B7C6-8EF6-09A0-14ED-B1087E348039}"
EndProject
Global
	GlobalSection(SolutionConfigurationPlatforms) = preSolution
		Debug|Any CPU = Debug|Any CPU
		Release|Any CPU = Release|Any CPU
	EndGlobalSection
	GlobalSection(ProjectConfigurationPlatforms) = postSolution
		{3DC6C29E-68C1-ACE4-4061-B54A5E135469}.Debug|Any CPU.ActiveCfg = Debug|Any CPU
		{3DC6C29E-68C1-ACE4-4061-B54A5E135469}.Debug|Any CPU.Build.0 = Debug|Any CPU
		{3DC6C29E-68C1-ACE4-4061-B54A5E135469}.Release|Any CPU.ActiveCfg = Release|Any CPU
		{3DC6C29E-68C1-ACE4-4061-B54A5E135469}.Release|Any CPU.Build.0 = Release|Any CPU
		{72112922-C468-8AA3-129E-E5BBCBAA4A69}.Debug|Any CPU.ActiveCfg = Debug|Any CPU
		{72112922-C468-8AA3-129E-E5BBCBAA4A69}.Debug|Any CPU.Build.0 = Debug|Any CPU
		{72112922-C468-8AA3-129E-E5BBCBAA4A69}.Release|Any CPU.ActiveCfg = Release|Any CPU
		{72112922-C468-8AA3-129E-E5BBCBAA4A69}.Release|Any CPU.Build.0 = Release|Any CPU
		{CEFCB10F-158A-5275-71C5-30CF650D2BDF}.Debug|Any CPU.ActiveCfg = Debug|Any CPU
		{CEFCB10F-158A-5275-71C5-30CF650D2BDF}.Debug|Any CPU.Build.0 = Debug|Any CPU
		{CEFCB10F-158A-5275-71C5-30CF650D2BDF}.Release|Any CPU.ActiveCfg = Release|Any CPU
		{CEFCB10F-158A-5275-71C5-30CF650D2BDF}.Release|Any CPU.Build.0 = Release|Any CPU
		{7BD9B7C6-8EF6-09A0-14ED-B1087E348039}.Debug|Any CPU.ActiveCfg = Debug|Any CPU
		{7BD9B7C6-8EF6-09A0-14ED-B1087E348039}.Debug|Any CPU.Build.0 = Debug|Any CPU
		{7BD9B7C6-8EF6-09A0-14ED-B1087E348039}.Release|Any CPU.ActiveCfg = Release|Any CPU
		{7BD9B7C6-8EF6-09A0-14ED-B1087E348039}.Release|Any CPU.Build.0 = Release|Any CPU
	EndGlobalSection
	GlobalSection(SolutionProperties) = preSolution
		HideSolutionNode = FALSE
	EndGlobalSection
																																																																																																																																																						GlobalSection(MonoDevelopProperties) = preSolution
		StartupItem = Assembly-CSharp.csproj
		Policies = $0
		$0.TextStylePolicy = $1
		$1.inheritsSet = null
		$1.scope = text/x-csharp
		$0.CSharpFormattingPolicy = $2
		$2.inheritsSet = Mono
		$2.inheritsScope = text/x-csharp
		$2.scope = text/x-csharp
		$0.TextStylePolicy = $3
		$3.FileWidth = 120
		$3.TabWidth = 4
		$3.IndentWidth = 4
		$3.EolMarker = Unix
		$3.inheritsSet = Mono
		$3.inheritsScope = text/plain
		$3.scope = text/plain
	EndGlobalSection

EndGlobal
